
Microsoft Visual Studio Solution File, Format Version 12.00
# Visual Studio Version 17
VisualStudioVersion = 17.14.36121.58 d17.14
MinimumVisualStudioVersion = 10.0.40219.1
Project("{FAE04EC0-301F-11D3-BF4B-00C04F79EFBC}") = "QueuingSystemBe", "QueuingSystemBe\QueuingSystemBe.csproj", "{9831BF88-1FF9-4607-8222-7C0180471EDA}"
EndProject
Global
	GlobalSection(SolutionConfigurationPlatforms) = preSolution
		Debug|Any CPU = Debug|Any CPU
		Release|Any CPU = Release|Any CPU
	EndGlobalSection
	GlobalSection(ProjectConfigurationPlatforms) = postSolution
		{9831BF88-1FF9-4607-8222-7C0180471EDA}.Debug|Any CPU.ActiveCfg = Debug|Any CPU
		{9831BF88-1FF9-4607-8222-7C0180471EDA}.Debug|Any CPU.Build.0 = Debug|Any CPU
		{9831BF88-1FF9-4607-8222-7C0180471EDA}.Release|Any CPU.ActiveCfg = Release|Any CPU
		{9831BF88-1FF9-4607-8222-7C0180471EDA}.Release|Any CPU.Build.0 = Release|Any CPU
	EndGlobalSection
	GlobalSection(SolutionProperties) = preSolution
		HideSolutionNode = FALSE
	EndGlobalSection
	GlobalSection(ExtensibilityGlobals) = postSolution
		SolutionGuid = {B127211F-F60C-472F-9D6B-1013B416D29A}
	EndGlobalSection
EndGlobal
